
Microsoft Visual Studio Solution File, Format Version 12.00
# Visual Studio 14
VisualStudioVersion = 14.0.25420.1
MinimumVisualStudioVersion = 10.0.40219.1
Project("{FAE04EC0-301F-11D3-BF4B-00C04F79EFBC}") = "Marina Berth Booking System", "Marina Berth Booking System\Marina Berth Booking System.csproj", "{61DC08B3-6203-4978-9CB4-61A6ABA24F8C}"
EndProject
Project("{FAE04EC0-301F-11D3-BF4B-00C04F79EFBC}") = "MarinaBerthClassLibrary", "MarinaBerthClassLibrary\MarinaBerthClassLibrary.csproj", "{D365F775-1145-4154-9A7F-ACDD1AFA4568}"
EndProject
Global
	GlobalSection(SolutionConfigurationPlatforms) = preSolution
		Debug|Any CPU = Debug|Any CPU
		Release|Any CPU = Release|Any CPU
	EndGlobalSection
	GlobalSection(ProjectConfigurationPlatforms) = postSolution
		{61DC08B3-6203-4978-9CB4-61A6ABA24F8C}.Debug|Any CPU.ActiveCfg = Debug|Any CPU
		{61DC08B3-6203-4978-9CB4-61A6ABA24F8C}.Debug|Any CPU.Build.0 = Debug|Any CPU
		{61DC08B3-6203-4978-9CB4-61A6ABA24F8C}.Release|Any CPU.ActiveCfg = Release|Any CPU
		{61DC08B3-6203-4978-9CB4-61A6ABA24F8C}.Release|Any CPU.Build.0 = Release|Any CPU
		{D365F775-1145-4154-9A7F-ACDD1AFA4568}.Debug|Any CPU.ActiveCfg = Debug|Any CPU
		{D365F775-1145-4154-9A7F-ACDD1AFA4568}.Debug|Any CPU.Build.0 = Debug|Any CPU
		{D365F775-1145-4154-9A7F-ACDD1AFA4568}.Release|Any CPU.ActiveCfg = Release|Any CPU
		{D365F775-1145-4154-9A7F-ACDD1AFA4568}.Release|Any CPU.Build.0 = Release|Any CPU
	EndGlobalSection
	GlobalSection(SolutionProperties) = preSolution
		HideSolutionNode = FALSE
	EndGlobalSection
EndGlobal
